
Microsoft Visual Studio Solution File, Format Version 12.00
# Visual Studio Version 17
VisualStudioVersion = 17.5.33516.290
MinimumVisualStudioVersion = 10.0.40219.1
Project("{FAE04EC0-301F-11D3-BF4B-00C04F79EFBC}") = "1811_A", "1811_A\1811_A.csproj", "{F7EC313E-AF07-491D-963E-2649ABDB5E46}"
EndProject
Project("{FAE04EC0-301F-11D3-BF4B-00C04F79EFBC}") = "1811_B", "1811_B\1811_B.csproj", "{52FC3F38-D6B5-4C12-BE7F-C38613944526}"
EndProject
Project("{FAE04EC0-301F-11D3-BF4B-00C04F79EFBC}") = "1811_C", "1811_C\1811_C.csproj", "{0B74129B-48CE-4CB5-AF45-70A9FD068240}"
EndProject
Project("{FAE04EC0-301F-11D3-BF4B-00C04F79EFBC}") = "1811_D", "1811_D\1811_D.csproj", "{0D0E84EB-01B5-43B5-9E7B-9A221C664117}"
EndProject
Project("{FAE04EC0-301F-11D3-BF4B-00C04F79EFBC}") = "1811_E", "1811_E\1811_E.csproj", "{D1CD0E94-8C16-41EB-9C62-41924872B39F}"
EndProject
Project("{FAE04EC0-301F-11D3-BF4B-00C04F79EFBC}") = "1811_F", "1811_F\1811_F.csproj", "{C13D0E9D-3F4E-40EE-84FD-EE442FD4E53A}"
EndProject
Global
	GlobalSection(SolutionConfigurationPlatforms) = preSolution
		Debug|Any CPU = Debug|Any CPU
		Release|Any CPU = Release|Any CPU
	EndGlobalSection
	GlobalSection(ProjectConfigurationPlatforms) = postSolution
		{F7EC313E-AF07-491D-963E-2649ABDB5E46}.Debug|Any CPU.ActiveCfg = Debug|Any CPU
		{F7EC313E-AF07-491D-963E-2649ABDB5E46}.Debug|Any CPU.Build.0 = Debug|Any CPU
		{F7EC313E-AF07-491D-963E-2649ABDB5E46}.Release|Any CPU.ActiveCfg = Release|Any CPU
		{F7EC313E-AF07-491D-963E-2649ABDB5E46}.Release|Any CPU.Build.0 = Release|Any CPU
		{52FC3F38-D6B5-4C12-BE7F-C38613944526}.Debug|Any CPU.ActiveCfg = Debug|Any CPU
		{52FC3F38-D6B5-4C12-BE7F-C38613944526}.Debug|Any CPU.Build.0 = Debug|Any CPU
		{52FC3F38-D6B5-4C12-BE7F-C38613944526}.Release|Any CPU.ActiveCfg = Release|Any CPU
		{52FC3F38-D6B5-4C12-BE7F-C38613944526}.Release|Any CPU.Build.0 = Release|Any CPU
		{0B74129B-48CE-4CB5-AF45-70A9FD068240}.Debug|Any CPU.ActiveCfg = Debug|Any CPU
		{0B74129B-48CE-4CB5-AF45-70A9FD068240}.Debug|Any CPU.Build.0 = Debug|Any CPU
		{0B74129B-48CE-4CB5-AF45-70A9FD068240}.Release|Any CPU.ActiveCfg = Release|Any CPU
		{0B74129B-48CE-4CB5-AF45-70A9FD068240}.Release|Any CPU.Build.0 = Release|Any CPU
		{0D0E84EB-01B5-43B5-9E7B-9A221C664117}.Debug|Any CPU.ActiveCfg = Debug|Any CPU
		{0D0E84EB-01B5-43B5-9E7B-9A221C664117}.Debug|Any CPU.Build.0 = Debug|Any CPU
		{0D0E84EB-01B5-43B5-9E7B-9A221C664117}.Release|Any CPU.ActiveCfg = Release|Any CPU
		{0D0E84EB-01B5-43B5-9E7B-9A221C664117}.Release|Any CPU.Build.0 = Release|Any CPU
		{D1CD0E94-8C16-41EB-9C62-41924872B39F}.Debug|Any CPU.ActiveCfg = Debug|Any CPU
		{D1CD0E94-8C16-41EB-9C62-41924872B39F}.Debug|Any CPU.Build.0 = Debug|Any CPU
		{D1CD0E94-8C16-41EB-9C62-41924872B39F}.Release|Any CPU.ActiveCfg = Release|Any CPU
		{D1CD0E94-8C16-41EB-9C62-41924872B39F}.Release|Any CPU.Build.0 = Release|Any CPU
		{C13D0E9D-3F4E-40EE-84FD-EE442FD4E53A}.Debug|Any CPU.ActiveCfg = Debug|Any CPU
		{C13D0E9D-3F4E-40EE-84FD-EE442FD4E53A}.Debug|Any CPU.Build.0 = Debug|Any CPU
		{C13D0E9D-3F4E-40EE-84FD-EE442FD4E53A}.Release|Any CPU.ActiveCfg = Release|Any CPU
		{C13D0E9D-3F4E-40EE-84FD-EE442FD4E53A}.Release|Any CPU.Build.0 = Release|Any CPU
	EndGlobalSection
	GlobalSection(SolutionProperties) = preSolution
		HideSolutionNode = FALSE
	EndGlobalSection
	GlobalSection(ExtensibilityGlobals) = postSolution
		SolutionGuid = {AF30E018-6C35-4F7E-A7D0-2FE0EB78B87A}
	EndGlobalSection
EndGlobal
